// !$*UTF8*$!
{
	archiveVersion = 1;
	classes = {
	};
	objectVersion = 46;
	objects = {

/* Begin PBXBuildFile section */
		5636A88E1A54E4AA00C66978 /* CoreLocation.framework in Frameworks */ = {isa = PBXBuildFile; fileRef = 5636A88D1A54E4AA00C66978 /* CoreLocation.framework */; };
		5636A8901A54E4B100C66978 /* MapKit.framework in Frameworks */ = {isa = PBXBuildFile; fileRef = 5636A88F1A54E4B100C66978 /* MapKit.framework */; };
		5636A8921A54EEB500C66978 /* home.gpx in Resources */ = {isa = PBXBuildFile; fileRef = 5636A8911A54EEB500C66978 /* home.gpx */; };
		56684CEF1A53EADE00542373 /* PostViewController.swift in Sources */ = {isa = PBXBuildFile; fileRef = 56684CEE1A53EADE00542373 /* PostViewController.swift */; };
		56C68C331A5CF3F400AD5FE7 /* DetailViewController.swift in Sources */ = {isa = PBXBuildFile; fileRef = 56C68C321A5CF3F400AD5FE7 /* DetailViewController.swift */; };
		56C68C351A5D00AF00AD5FE7 /* CommentsTableViewController.swift in Sources */ = {isa = PBXBuildFile; fileRef = 56C68C341A5D00AF00AD5FE7 /* CommentsTableViewController.swift */; };
		56F53B611A5FA566009EC2E0 /* CommentTableViewCell.swift in Sources */ = {isa = PBXBuildFile; fileRef = 56F53B601A5FA566009EC2E0 /* CommentTableViewCell.swift */; };
		56FA241C1A527563005DD3E4 /* AppDelegate.swift in Sources */ = {isa = PBXBuildFile; fileRef = 56FA241B1A527563005DD3E4 /* AppDelegate.swift */; };
		56FA241E1A527563005DD3E4 /* ViewController.swift in Sources */ = {isa = PBXBuildFile; fileRef = 56FA241D1A527563005DD3E4 /* ViewController.swift */; };
		56FA24211A527563005DD3E4 /* Main.storyboard in Resources */ = {isa = PBXBuildFile; fileRef = 56FA241F1A527563005DD3E4 /* Main.storyboard */; };
		56FA24231A527563005DD3E4 /* Images.xcassets in Resources */ = {isa = PBXBuildFile; fileRef = 56FA24221A527563005DD3E4 /* Images.xcassets */; };
		56FA24261A527563005DD3E4 /* LaunchScreen.xib in Resources */ = {isa = PBXBuildFile; fileRef = 56FA24241A527563005DD3E4 /* LaunchScreen.xib */; };
		56FA24321A527563005DD3E4 /* YikYakTests.swift in Sources */ = {isa = PBXBuildFile; fileRef = 56FA24311A527563005DD3E4 /* YikYakTests.swift */; };
		56FA243C1A52758A005DD3E4 /* TableViewController.swift in Sources */ = {isa = PBXBuildFile; fileRef = 56FA243B1A52758A005DD3E4 /* TableViewController.swift */; };
		56FA243E1A528581005DD3E4 /* TableViewCell.swift in Sources */ = {isa = PBXBuildFile; fileRef = 56FA243D1A528581005DD3E4 /* TableViewCell.swift */; };
		56FA24401A53D99C005DD3E4 /* CustomTableViewController.swift in Sources */ = {isa = PBXBuildFile; fileRef = 56FA243F1A53D99C005DD3E4 /* CustomTableViewController.swift */; };
		825933FCF51E67A62C300EBC /* libPods.a in Frameworks */ = {isa = PBXBuildFile; fileRef = A043DA0A8A51ABF79C9D5B80 /* libPods.a */; };
/* End PBXBuildFile section */

/* Begin PBXContainerItemProxy section */
		56FA242C1A527563005DD3E4 /* PBXContainerItemProxy */ = {
			isa = PBXContainerItemProxy;
			containerPortal = 56FA240E1A527563005DD3E4 /* Project object */;
			proxyType = 1;
			remoteGlobalIDString = 56FA24151A527563005DD3E4;
			remoteInfo = YikYak;
		};
/* End PBXContainerItemProxy section */

/* Begin PBXFileReference section */
		08802ECA460E255B08160F71 /* Pods.debug.xcconfig */ = {isa = PBXFileReference; includeInIndex = 1; lastKnownFileType = text.xcconfig; name = Pods.debug.xcconfig; path = "Pods/Target Support Files/Pods/Pods.debug.xcconfig"; sourceTree = "<group>"; };
		56302FEA1A58586600DB84E4 /* YikYak-Bridging-Header.h */ = {isa = PBXFileReference; fileEncoding = 4; lastKnownFileType = sourcecode.c.h; path = "YikYak-Bridging-Header.h"; sourceTree = "<group>"; };
		5636A88D1A54E4AA00C66978 /* CoreLocation.framework */ = {isa = PBXFileReference; lastKnownFileType = wrapper.framework; name = CoreLocation.framework; path = System/Library/Frameworks/CoreLocation.framework; sourceTree = SDKROOT; };
		5636A88F1A54E4B100C66978 /* MapKit.framework */ = {isa = PBXFileReference; lastKnownFileType = wrapper.framework; name = MapKit.framework; path = System/Library/Frameworks/MapKit.framework; sourceTree = SDKROOT; };
		5636A8911A54EEB500C66978 /* home.gpx */ = {isa = PBXFileReference; fileEncoding = 4; lastKnownFileType = text.xml; path = home.gpx; sourceTree = "<group>"; };
		56684CEE1A53EADE00542373 /* PostViewController.swift */ = {isa = PBXFileReference; fileEncoding = 4; lastKnownFileType = sourcecode.swift; path = PostViewController.swift; sourceTree = "<group>"; };
		56C68C321A5CF3F400AD5FE7 /* DetailViewController.swift */ = {isa = PBXFileReference; fileEncoding = 4; lastKnownFileType = sourcecode.swift; path = DetailViewController.swift; sourceTree = "<group>"; };
		56C68C341A5D00AF00AD5FE7 /* CommentsTableViewController.swift */ = {isa = PBXFileReference; fileEncoding = 4; lastKnownFileType = sourcecode.swift; path = CommentsTableViewController.swift; sourceTree = "<group>"; };
		56F53B601A5FA566009EC2E0 /* CommentTableViewCell.swift */ = {isa = PBXFileReference; fileEncoding = 4; lastKnownFileType = sourcecode.swift; path = CommentTableViewCell.swift; sourceTree = "<group>"; };
		56FA24161A527563005DD3E4 /* YikYak.app */ = {isa = PBXFileReference; explicitFileType = wrapper.application; includeInIndex = 0; path = YikYak.app; sourceTree = BUILT_PRODUCTS_DIR; };
		56FA241A1A527563005DD3E4 /* Info.plist */ = {isa = PBXFileReference; lastKnownFileType = text.plist.xml; path = Info.plist; sourceTree = "<group>"; };
		56FA241B1A527563005DD3E4 /* AppDelegate.swift */ = {isa = PBXFileReference; lastKnownFileType = sourcecode.swift; path = AppDelegate.swift; sourceTree = "<group>"; };
		56FA241D1A527563005DD3E4 /* ViewController.swift */ = {isa = PBXFileReference; lastKnownFileType = sourcecode.swift; path = ViewController.swift; sourceTree = "<group>"; };
		56FA24201A527563005DD3E4 /* Base */ = {isa = PBXFileReference; lastKnownFileType = file.storyboard; name = Base; path = Base.lproj/Main.storyboard; sourceTree = "<group>"; };
		56FA24221A527563005DD3E4 /* Images.xcassets */ = {isa = PBXFileReference; lastKnownFileType = folder.assetcatalog; path = Images.xcassets; sourceTree = "<group>"; };
		56FA24251A527563005DD3E4 /* Base */ = {isa = PBXFileReference; lastKnownFileType = file.xib; name = Base; path = Base.lproj/LaunchScreen.xib; sourceTree = "<group>"; };
		56FA242B1A527563005DD3E4 /* YikYakTests.xctest */ = {isa = PBXFileReference; explicitFileType = wrapper.cfbundle; includeInIndex = 0; path = YikYakTests.xctest; sourceTree = BUILT_PRODUCTS_DIR; };
		56FA24301A527563005DD3E4 /* Info.plist */ = {isa = PBXFileReference; lastKnownFileType = text.plist.xml; path = Info.plist; sourceTree = "<group>"; };
		56FA24311A527563005DD3E4 /* YikYakTests.swift */ = {isa = PBXFileReference; lastKnownFileType = sourcecode.swift; path = YikYakTests.swift; sourceTree = "<group>"; };
		56FA243B1A52758A005DD3E4 /* TableViewController.swift */ = {isa = PBXFileReference; fileEncoding = 4; lastKnownFileType = sourcecode.swift; path = TableViewController.swift; sourceTree = "<group>"; };
		56FA243D1A528581005DD3E4 /* TableViewCell.swift */ = {isa = PBXFileReference; fileEncoding = 4; lastKnownFileType = sourcecode.swift; path = TableViewCell.swift; sourceTree = "<group>"; };
		56FA243F1A53D99C005DD3E4 /* CustomTableViewController.swift */ = {isa = PBXFileReference; fileEncoding = 4; lastKnownFileType = sourcecode.swift; path = CustomTableViewController.swift; sourceTree = "<group>"; };
		6D0BAF168C1DB4DEB0F8732B /* Pods.release.xcconfig */ = {isa = PBXFileReference; includeInIndex = 1; lastKnownFileType = text.xcconfig; name = Pods.release.xcconfig; path = "Pods/Target Support Files/Pods/Pods.release.xcconfig"; sourceTree = "<group>"; };
		A043DA0A8A51ABF79C9D5B80 /* libPods.a */ = {isa = PBXFileReference; explicitFileType = archive.ar; includeInIndex = 0; path = libPods.a; sourceTree = BUILT_PRODUCTS_DIR; };
/* End PBXFileReference section */

/* Begin PBXFrameworksBuildPhase section */
		56FA24131A527563005DD3E4 /* Frameworks */ = {
			isa = PBXFrameworksBuildPhase;
			buildActionMask = 2147483647;
			files = (
				5636A8901A54E4B100C66978 /* MapKit.framework in Frameworks */,
				5636A88E1A54E4AA00C66978 /* CoreLocation.framework in Frameworks */,
				825933FCF51E67A62C300EBC /* libPods.a in Frameworks */,
			);
			runOnlyForDeploymentPostprocessing = 0;
		};
		56FA24281A527563005DD3E4 /* Frameworks */ = {
			isa = PBXFrameworksBuildPhase;
			buildActionMask = 2147483647;
			files = (
			);
			runOnlyForDeploymentPostprocessing = 0;
		};
/* End PBXFrameworksBuildPhase section */

/* Begin PBXGroup section */
		56FA240D1A527563005DD3E4 = {
			isa = PBXGroup;
			children = (
				56FA24181A527563005DD3E4 /* YikYak */,
				56FA242E1A527563005DD3E4 /* YikYakTests */,
				56FA24171A527563005DD3E4 /* Products */,
				CBAA8EE917312DB917AF801E /* Pods */,
				87BB1EEF931A24C238FA2E91 /* Frameworks */,
			);
			sourceTree = "<group>";
		};
		56FA24171A527563005DD3E4 /* Products */ = {
			isa = PBXGroup;
			children = (
				56FA24161A527563005DD3E4 /* YikYak.app */,
				56FA242B1A527563005DD3E4 /* YikYakTests.xctest */,
			);
			name = Products;
			sourceTree = "<group>";
		};
		56FA24181A527563005DD3E4 /* YikYak */ = {
			isa = PBXGroup;
			children = (
				56FA241B1A527563005DD3E4 /* AppDelegate.swift */,
				56FA241D1A527563005DD3E4 /* ViewController.swift */,
				56FA241F1A527563005DD3E4 /* Main.storyboard */,
				56FA24221A527563005DD3E4 /* Images.xcassets */,
				56FA24241A527563005DD3E4 /* LaunchScreen.xib */,
				56FA24191A527563005DD3E4 /* Supporting Files */,
				56FA243B1A52758A005DD3E4 /* TableViewController.swift */,
				56FA243D1A528581005DD3E4 /* TableViewCell.swift */,
				56FA243F1A53D99C005DD3E4 /* CustomTableViewController.swift */,
				56684CEE1A53EADE00542373 /* PostViewController.swift */,
				56302FEA1A58586600DB84E4 /* YikYak-Bridging-Header.h */,
				56C68C321A5CF3F400AD5FE7 /* DetailViewController.swift */,
				56C68C341A5D00AF00AD5FE7 /* CommentsTableViewController.swift */,
				56F53B601A5FA566009EC2E0 /* CommentTableViewCell.swift */,
			);
			path = YikYak;
			sourceTree = "<group>";
		};
		56FA24191A527563005DD3E4 /* Supporting Files */ = {
			isa = PBXGroup;
			children = (
				5636A8911A54EEB500C66978 /* home.gpx */,
				56FA241A1A527563005DD3E4 /* Info.plist */,
			);
			name = "Supporting Files";
			sourceTree = "<group>";
		};
		56FA242E1A527563005DD3E4 /* YikYakTests */ = {
			isa = PBXGroup;
			children = (
				56FA24311A527563005DD3E4 /* YikYakTests.swift */,
				56FA242F1A527563005DD3E4 /* Supporting Files */,
			);
			path = YikYakTests;
			sourceTree = "<group>";
		};
		56FA242F1A527563005DD3E4 /* Supporting Files */ = {
			isa = PBXGroup;
			children = (
				56FA24301A527563005DD3E4 /* Info.plist */,
			);
			name = "Supporting Files";
			sourceTree = "<group>";
		};
		87BB1EEF931A24C238FA2E91 /* Frameworks */ = {
			isa = PBXGroup;
			children = (
				5636A88F1A54E4B100C66978 /* MapKit.framework */,
				5636A88D1A54E4AA00C66978 /* CoreLocation.framework */,
				A043DA0A8A51ABF79C9D5B80 /* libPods.a */,
			);
			name = Frameworks;
			sourceTree = "<group>";
		};
		CBAA8EE917312DB917AF801E /* Pods */ = {
			isa = PBXGroup;
			children = (
				08802ECA460E255B08160F71 /* Pods.debug.xcconfig */,
				6D0BAF168C1DB4DEB0F8732B /* Pods.release.xcconfig */,
			);
			name = Pods;
			sourceTree = "<group>";
		};
/* End PBXGroup section */

/* Begin PBXNativeTarget section */
		56FA24151A527563005DD3E4 /* YikYak */ = {
			isa = PBXNativeTarget;
			buildConfigurationList = 56FA24351A527563005DD3E4 /* Build configuration list for PBXNativeTarget "YikYak" */;
			buildPhases = (
				8D8BB6150C4D98E0926386E6 /* Check Pods Manifest.lock */,
				56FA24121A527563005DD3E4 /* Sources */,
				56FA24131A527563005DD3E4 /* Frameworks */,
				56FA24141A527563005DD3E4 /* Resources */,
				042943B5EC379FF681BE7AEB /* Copy Pods Resources */,
			);
			buildRules = (
			);
			dependencies = (
			);
			name = YikYak;
			productName = YikYak;
			productReference = 56FA24161A527563005DD3E4 /* YikYak.app */;
			productType = "com.apple.product-type.application";
		};
		56FA242A1A527563005DD3E4 /* YikYakTests */ = {
			isa = PBXNativeTarget;
			buildConfigurationList = 56FA24381A527563005DD3E4 /* Build configuration list for PBXNativeTarget "YikYakTests" */;
			buildPhases = (
				56FA24271A527563005DD3E4 /* Sources */,
				56FA24281A527563005DD3E4 /* Frameworks */,
				56FA24291A527563005DD3E4 /* Resources */,
			);
			buildRules = (
			);
			dependencies = (
				56FA242D1A527563005DD3E4 /* PBXTargetDependency */,
			);
			name = YikYakTests;
			productName = YikYakTests;
			productReference = 56FA242B1A527563005DD3E4 /* YikYakTests.xctest */;
			productType = "com.apple.product-type.bundle.unit-test";
		};
/* End PBXNativeTarget section */

/* Begin PBXProject section */
		56FA240E1A527563005DD3E4 /* Project object */ = {
			isa = PBXProject;
			attributes = {
				LastUpgradeCheck = 0610;
				ORGANIZATIONNAME = "Shrikar Archak";
				TargetAttributes = {
					56FA24151A527563005DD3E4 = {
						CreatedOnToolsVersion = 6.1.1;
						SystemCapabilities = {
							com.apple.BackgroundModes = {
								enabled = 1;
							};
						};
					};
					56FA242A1A527563005DD3E4 = {
						CreatedOnToolsVersion = 6.1.1;
						TestTargetID = 56FA24151A527563005DD3E4;
					};
				};
			};
			buildConfigurationList = 56FA24111A527563005DD3E4 /* Build configuration list for PBXProject "YikYak" */;
			compatibilityVersion = "Xcode 3.2";
			developmentRegion = English;
			hasScannedForEncodings = 0;
			knownRegions = (
				en,
				Base,
			);
			mainGroup = 56FA240D1A527563005DD3E4;
			productRefGroup = 56FA24171A527563005DD3E4 /* Products */;
			projectDirPath = "";
			projectRoot = "";
			targets = (
				56FA24151A527563005DD3E4 /* YikYak */,
				56FA242A1A527563005DD3E4 /* YikYakTests */,
			);
		};
/* End PBXProject section */

/* Begin PBXResourcesBuildPhase section */
		56FA24141A527563005DD3E4 /* Resources */ = {
			isa = PBXResourcesBuildPhase;
			buildActionMask = 2147483647;
			files = (
				56FA24211A527563005DD3E4 /* Main.storyboard in Resources */,
				56FA24261A527563005DD3E4 /* LaunchScreen.xib in Resources */,
				5636A8921A54EEB500C66978 /* home.gpx in Resources */,
				56FA24231A527563005DD3E4 /* Images.xcassets in Resources */,
			);
			runOnlyForDeploymentPostprocessing = 0;
		};
		56FA24291A527563005DD3E4 /* Resources */ = {
			isa = PBXResourcesBuildPhase;
			buildActionMask = 2147483647;
			files = (
			);
			runOnlyForDeploymentPostprocessing = 0;
		};
/* End PBXResourcesBuildPhase section */

/* Begin PBXShellScriptBuildPhase section */
		042943B5EC379FF681BE7AEB /* Copy Pods Resources */ = {
			isa = PBXShellScriptBuildPhase;
			buildActionMask = 2147483647;
			files = (
			);
			inputPaths = (
			);
			name = "Copy Pods Resources";
			outputPaths = (
			);
			runOnlyForDeploymentPostprocessing = 0;
			shellPath = /bin/sh;
			shellScript = "\"${SRCROOT}/Pods/Target Support Files/Pods/Pods-resources.sh\"\n";
			showEnvVarsInLog = 0;
		};
		8D8BB6150C4D98E0926386E6 /* Check Pods Manifest.lock */ = {
			isa = PBXShellScriptBuildPhase;
			buildActionMask = 2147483647;
			files = (
			);
			inputPaths = (
			);
			name = "Check Pods Manifest.lock";
			outputPaths = (
			);
			runOnlyForDeploymentPostprocessing = 0;
			shellPath = /bin/sh;
			shellScript = "diff \"${PODS_ROOT}/../Podfile.lock\" \"${PODS_ROOT}/Manifest.lock\" > /dev/null\nif [[ $? != 0 ]] ; then\n    cat << EOM\nerror: The sandbox is not in sync with the Podfile.lock. Run 'pod install' or update your CocoaPods installation.\nEOM\n    exit 1\nfi\n";
			showEnvVarsInLog = 0;
		};
/* End PBXShellScriptBuildPhase section */

/* Begin PBXSourcesBuildPhase section */
		56FA24121A527563005DD3E4 /* Sources */ = {
			isa = PBXSourcesBuildPhase;
			buildActionMask = 2147483647;
			files = (
				56684CEF1A53EADE00542373 /* PostViewController.swift in Sources */,
				56FA241E1A527563005DD3E4 /* ViewController.swift in Sources */,
				56FA243E1A528581005DD3E4 /* TableViewCell.swift in Sources */,
				56C68C351A5D00AF00AD5FE7 /* CommentsTableViewController.swift in Sources */,
				56F53B611A5FA566009EC2E0 /* CommentTableViewCell.swift in Sources */,
				56FA243C1A52758A005DD3E4 /* TableViewController.swift in Sources */,
				56FA241C1A527563005DD3E4 /* AppDelegate.swift in Sources */,
				56FA24401A53D99C005DD3E4 /* CustomTableViewController.swift in Sources */,
				56C68C331A5CF3F400AD5FE7 /* DetailViewController.swift in Sources */,
			);
			runOnlyForDeploymentPostprocessing = 0;
		};
		56FA24271A527563005DD3E4 /* Sources */ = {
			isa = PBXSourcesBuildPhase;
			buildActionMask = 2147483647;
			files = (
				56FA24321A527563005DD3E4 /* YikYakTests.swift in Sources */,
			);
			runOnlyForDeploymentPostprocessing = 0;
		};
/* End PBXSourcesBuildPhase section */

/* Begin PBXTargetDependency section */
		56FA242D1A527563005DD3E4 /* PBXTargetDependency */ = {
			isa = PBXTargetDependency;
			target = 56FA24151A527563005DD3E4 /* YikYak */;
			targetProxy = 56FA242C1A527563005DD3E4 /* PBXContainerItemProxy */;
		};
/* End PBXTargetDependency section */

/* Begin PBXVariantGroup section */
		56FA241F1A527563005DD3E4 /* Main.storyboard */ = {
			isa = PBXVariantGroup;
			children = (
				56FA24201A527563005DD3E4 /* Base */,
			);
			name = Main.storyboard;
			sourceTree = "<group>";
		};
		56FA24241A527563005DD3E4 /* LaunchScreen.xib */ = {
			isa = PBXVariantGroup;
			children = (
				56FA24251A527563005DD3E4 /* Base */,
			);
			name = LaunchScreen.xib;
			sourceTree = "<group>";
		};
/* End PBXVariantGroup section */

/* Begin XCBuildConfiguration section */
		56FA24331A527563005DD3E4 /* Debug */ = {
			isa = XCBuildConfiguration;
			buildSettings = {
				ALWAYS_SEARCH_USER_PATHS = NO;
				CLANG_CXX_LANGUAGE_STANDARD = "gnu++0x";
				CLANG_CXX_LIBRARY = "libc++";
				CLANG_ENABLE_MODULES = YES;
				CLANG_ENABLE_OBJC_ARC = YES;
				CLANG_WARN_BOOL_CONVERSION = YES;
				CLANG_WARN_CONSTANT_CONVERSION = YES;
				CLANG_WARN_DIRECT_OBJC_ISA_USAGE = YES_ERROR;
				CLANG_WARN_EMPTY_BODY = YES;
				CLANG_WARN_ENUM_CONVERSION = YES;
				CLANG_WARN_INT_CONVERSION = YES;
				CLANG_WARN_OBJC_ROOT_CLASS = YES_ERROR;
				CLANG_WARN_UNREACHABLE_CODE = YES;
				CLANG_WARN__DUPLICATE_METHOD_MATCH = YES;
				"CODE_SIGN_IDENTITY[sdk=iphoneos*]" = "iPhone Developer";
				COPY_PHASE_STRIP = NO;
				ENABLE_STRICT_OBJC_MSGSEND = YES;
				GCC_C_LANGUAGE_STANDARD = gnu99;
				GCC_DYNAMIC_NO_PIC = NO;
				GCC_OPTIMIZATION_LEVEL = 0;
				GCC_PREPROCESSOR_DEFINITIONS = (
					"DEBUG=1",
					"$(inherited)",
				);
				GCC_SYMBOLS_PRIVATE_EXTERN = NO;
				GCC_WARN_64_TO_32_BIT_CONVERSION = YES;
				GCC_WARN_ABOUT_RETURN_TYPE = YES_ERROR;
				GCC_WARN_UNDECLARED_SELECTOR = YES;
				GCC_WARN_UNINITIALIZED_AUTOS = YES_AGGRESSIVE;
				GCC_WARN_UNUSED_FUNCTION = YES;
				GCC_WARN_UNUSED_VARIABLE = YES;
				IPHONEOS_DEPLOYMENT_TARGET = 8.1;
				MTL_ENABLE_DEBUG_INFO = YES;
				ONLY_ACTIVE_ARCH = YES;
				SDKROOT = iphoneos;
				SWIFT_OPTIMIZATION_LEVEL = "-Onone";
			};
			name = Debug;
		};
		56FA24341A527563005DD3E4 /* Release */ = {
			isa = XCBuildConfiguration;
			buildSettings = {
				ALWAYS_SEARCH_USER_PATHS = NO;
				CLANG_CXX_LANGUAGE_STANDARD = "gnu++0x";
				CLANG_CXX_LIBRARY = "libc++";
				CLANG_ENABLE_MODULES = YES;
				CLANG_ENABLE_OBJC_ARC = YES;
				CLANG_WARN_BOOL_CONVERSION = YES;
				CLANG_WARN_CONSTANT_CONVERSION = YES;
				CLANG_WARN_DIRECT_OBJC_ISA_USAGE = YES_ERROR;
				CLANG_WARN_EMPTY_BODY = YES;
				CLANG_WARN_ENUM_CONVERSION = YES;
				CLANG_WARN_INT_CONVERSION = YES;
				CLANG_WARN_OBJC_ROOT_CLASS = YES_ERROR;
				CLANG_WARN_UNREACHABLE_CODE = YES;
				CLANG_WARN__DUPLICATE_METHOD_MATCH = YES;
				"CODE_SIGN_IDENTITY[sdk=iphoneos*]" = "iPhone Developer";
				COPY_PHASE_STRIP = YES;
				ENABLE_NS_ASSERTIONS = NO;
				ENABLE_STRICT_OBJC_MSGSEND = YES;
				GCC_C_LANGUAGE_STANDARD = gnu99;
				GCC_WARN_64_TO_32_BIT_CONVERSION = YES;
				GCC_WARN_ABOUT_RETURN_TYPE = YES_ERROR;
				GCC_WARN_UNDECLARED_SELECTOR = YES;
				GCC_WARN_UNINITIALIZED_AUTOS = YES_AGGRESSIVE;
				GCC_WARN_UNUSED_FUNCTION = YES;
				GCC_WARN_UNUSED_VARIABLE = YES;
				IPHONEOS_DEPLOYMENT_TARGET = 8.1;
				MTL_ENABLE_DEBUG_INFO = NO;
				SDKROOT = iphoneos;
				VALIDATE_PRODUCT = YES;
			};
			name = Release;
		};
		56FA24361A527563005DD3E4 /* Debug */ = {
			isa = XCBuildConfiguration;
			baseConfigurationReference = 08802ECA460E255B08160F71 /* Pods.debug.xcconfig */;
			buildSettings = {
				ASSETCATALOG_COMPILER_APPICON_NAME = AppIcon;
				CLANG_ENABLE_MODULES = YES;
				INFOPLIST_FILE = YikYak/Info.plist;
				LD_RUNPATH_SEARCH_PATHS = "$(inherited) @executable_path/Frameworks";
				PRODUCT_NAME = "$(TARGET_NAME)";
				SWIFT_OBJC_BRIDGING_HEADER = "YikYak/YikYak-Bridging-Header.h";
				SWIFT_OPTIMIZATION_LEVEL = "-Onone";
			};
			name = Debug;
		};
		56FA24371A527563005DD3E4 /* Release */ = {
			isa = XCBuildConfiguration;
			baseConfigurationReference = 6D0BAF168C1DB4DEB0F8732B /* Pods.release.xcconfig */;
			buildSettings = {
				ASSETCATALOG_COMPILER_APPICON_NAME = AppIcon;
				CLANG_ENABLE_MODULES = YES;
				INFOPLIST_FILE = YikYak/Info.plist;
				LD_RUNPATH_SEARCH_PATHS = "$(inherited) @executable_path/Frameworks";
				PRODUCT_NAME = "$(TARGET_NAME)";
				SWIFT_OBJC_BRIDGING_HEADER = "YikYak/YikYak-Bridging-Header.h";
			};
			name = Release;
		};
		56FA24391A527563005DD3E4 /* Debug */ = {
			isa = XCBuildConfiguration;
			buildSettings = {
				BUNDLE_LOADER = "$(TEST_HOST)";
				FRAMEWORK_SEARCH_PATHS = (
					"$(SDKROOT)/Developer/Library/Frameworks",
					"$(inherited)",
				);
				GCC_PREPROCESSOR_DEFINITIONS = (
					"DEBUG=1",
					"$(inherited)",
				);
				INFOPLIST_FILE = YikYakTests/Info.plist;
				LD_RUNPATH_SEARCH_PATHS = "$(inherited) @executable_path/Frameworks @loader_path/Frameworks";
				PRODUCT_NAME = "$(TARGET_NAME)";
				TEST_HOST = "$(BUILT_PRODUCTS_DIR)/YikYak.app/YikYak";
			};
			name = Debug;
		};
		56FA243A1A527563005DD3E4 /* Release */ = {
			isa = XCBuildConfiguration;
			buildSettings = {
				BUNDLE_LOADER = "$(TEST_HOST)";
				FRAMEWORK_SEARCH_PATHS = (
					"$(SDKROOT)/Developer/Library/Frameworks",
					"$(inherited)",
				);
				INFOPLIST_FILE = YikYakTests/Info.plist;
				LD_RUNPATH_SEARCH_PATHS = "$(inherited) @executable_path/Frameworks @loader_path/Frameworks";
				PRODUCT_NAME = "$(TARGET_NAME)";
				TEST_HOST = "$(BUILT_PRODUCTS_DIR)/YikYak.app/YikYak";
			};
			name = Release;
		};
/* End XCBuildConfiguration section */

/* Begin XCConfigurationList section */
		56FA24111A527563005DD3E4 /* Build configuration list for PBXProject "YikYak" */ = {
			isa = XCConfigurationList;
			buildConfigurations = (
				56FA24331A527563005DD3E4 /* Debug */,
				56FA24341A527563005DD3E4 /* Release */,
			);
			defaultConfigurationIsVisible = 0;
			defaultConfigurationName = Release;
		};
		56FA24351A527563005DD3E4 /* Build configuration list for PBXNativeTarget "YikYak" */ = {
			isa = XCConfigurationList;
			buildConfigurations = (
				56FA24361A527563005DD3E4 /* Debug */,
				56FA24371A527563005DD3E4 /* Release */,
			);
			defaultConfigurationIsVisible = 0;
			defaultConfigurationName = Release;
		};
		56FA24381A527563005DD3E4 /* Build configuration list for PBXNativeTarget "YikYakTests" */ = {
			isa = XCConfigurationList;
			buildConfigurations = (
				56FA24391A527563005DD3E4 /* Debug */,
				56FA243A1A527563005DD3E4 /* Release */,
			);
			defaultConfigurationIsVisible = 0;
			defaultConfigurationName = Release;
		};
/* End XCConfigurationList section */
	};
	rootObject = 56FA240E1A527563005DD3E4 /* Project object */;
}
